version: 1
checksums:
  55dc377b5e931bfc64e4add83e35d9ea:
    app.name: 5ee7fece722fcc849f79842ab05e8f63
    app.tagline: 642ebb70cfb63f9643187d9aeaaa2ccc
    auth.eyebrow: 5ee7fece722fcc849f79842ab05e8f63
    auth.title: 65d420d33e9873785ef70a837f88f83f
    auth.body: 165d1c860bdaf4836871176922528d6d
    auth.signIn: cb8757c7450e17de1e226e82fb0fa4a2
    auth.signUp: 6a11810d313098655e600e0303d455fd
    auth.name: f45991923345e8322c9ff8cd6b7e2b16
    auth.email: 3ba3f099b1b9be6c35ad797da660cb9f
    auth.password: 223a61cf906ab9c40d22612c588dff48
    auth.confirmPassword: b5cdb861d8deb598b0613d48098b82b6
    auth.submitSignIn: 09972c9c9a666a2e401d7c45e82364f5
    auth.submitSignUp: 6a11810d313098655e600e0303d455fd
    auth.pending: a15d40013dac5efeab3970c22fea0f63
    onboarding.eyebrow: aacf78e3fe850e17d8847a4833acf8f7
    onboarding.title: 3b031d6448946917b4feeac93d1d2025
    onboarding.body: af17f8b7127ec79bfc845be3cfed750e
    onboarding.language: f317df4550fbde6f6c5ca2288364692f
    onboarding.submit: fa60853b0e075c7c134e4bb3c7c59d82
    onboarding.saving: 7cb2d8f012d57db8a62187b65ef164dc
    onboarding.chat.eyebrow: ac73842ab57e7a7ac70fbe560833880e
    onboarding.chat.subtitle: 65f7352d1ba345eb8357aed64923b360
    onboarding.chat.placeholder: c4dbaabeb9a55bd1941349d4f554053a
    onboarding.chat.skip: 258cc673809d963b6978122e6ccab176
    onboarding.chat.loading: d8b5ddb86db616019d004e5cd15f7cd0
    onboarding.chat.starting: b3b7266c513b549744be2281d3b237e4
    onboarding.chat.done: 60d165441e283dff4b69e9db91b7fbd6
    onboarding.chat.error: e5742c61b9dec3646be85ceca244c23d
    onboarding.chat.kickoff: 59044128e474e64f56fe617b79b5a5f4
    onboarding.chat.unavailable: b97c0554ce714aef96b6a2436fc0032d
    onboarding.medications.eyebrow: e6d2efeaa39f4d0276d2cf4e647b3c8b
    onboarding.medications.title: 48b86cff3a6d8ece2e4dcf71773e2af0
    onboarding.medications.body: 9fb2e6df05e56a162d3c63f1b891969c
    onboarding.medications.add: 923a723f142d6ae6730b82bec307072e
    onboarding.medications.addTime: a885b48f9a0d5e7a2575a6b84d9045ae
    onboarding.medications.save: c3dad5d43294c16d4cbf00f83c68f62c
    onboarding.medications.saving: 0d65c235d1d8117cd66df4cdc18df9d2
    onboarding.medications.skip: b8bf7f2b6e67a523dc4ff5ce009cdb72
    onboarding.medications.name: d033a219272b40f1dbb11071ad030093
    onboarding.medications.dosage: 5b42d53d58036c6eb6632c848eb97d8c
    onboarding.medications.purpose: 53f71150ff705941014d11fd65e4cfbf
    onboarding.medications.instructions: 047b6298686bcec6b2161f5045893002
    onboarding.medications.duration: de282f6d5af19e40878833e40ef8036b
    onboarding.medications.times: da69ae675956667452ed6a39360fcde8
    settings.eyebrow: 8df6777277469c1fd88cc18dde2f1cc3
    settings.title: 2137c0b286691efa81b670add9d42375
    settings.body: dc8aa38b58f5a1b6567cfa07b39bc550
    settings.backHome: 649df9d4b9efe3f5ea06c76600fa5848
    settings.profile.eyebrow: 0b859e40316364caa16f8b029a8128f5
    settings.profile.title: db1ec2c7a4ebab65125bdbe73cb9c425
    settings.profile.body: d66638aa11a9a7620e55198788b730fe
    settings.profile.save: 6f6991fe8a52bb655eefcb20cba1a88e
    settings.profile.saved: de9f3a096006f0d0a5ac63d582f9cb7e
    settings.profile.helper: eedff6706f47fcba1607e8795c715a4a
    settings.medicines.eyebrow: f4d0c5a76539758ff8127090477a2b11
    settings.medicines.title: 8f13e8aeaeab5c8d9209499c96004d20
    settings.medicines.body: e5e3506b0f2ea53f2d4d1a6ae4eaecce
    settings.medicines.add: 923a723f142d6ae6730b82bec307072e
    settings.medicines.addTime: a885b48f9a0d5e7a2575a6b84d9045ae
    settings.medicines.save: e3b2b5cfc230ebc98ba2f49f2ee69e32
    settings.medicines.saved: a20809fed1d27a52a1300e4b9f4d4571
    home.eyebrow: db5a52c5182fa5cb31c5dc475ed1b46b
    home.title: 3eac148c950f259bf96e33000c816e20
    home.body: 8ee9e6b5f71279802649e46c51aafd91
    home.language: f317df4550fbde6f6c5ca2288364692f
    home.status: 618bc261acd3d47fccd319e4106ff18e
    home.today: 142173f9752e18e92109623a3ee68cad
    home.adherenceScore: 1a6af4050a763a5949995e4ee50fc2bb
    home.activeMedicines: d17ab5a09351fec287bdaf84e565336e
    home.beingTracked: de5d85958c075af13d2c2c3bd118b629
    home.nextDose: 6c6a3493522844075e995d1edac9ab1f
    home.none: d163ad01ba50118a86047c8b73fbe922
    home.nothingPending: 89b35f612098cf4a0e23fdcb6825dc97
    home.quickSupport: 1e0e68a0b03eef949311826a74fce677
    home.quickScanTitle: d8908eb483653404c329b1acfa772028
    home.quickScanBody: f17966ce52b86994c01632f2de9a08cc
    home.openScanner: 18743f0d1b80c16cd60d59e3f2cb4970
    home.openSettings: c7c35fdf976a1c9196d76aa7f472e974
    home.signedIn: b90e14c7692374e4b215e7c35fdba314
    home.signedInHint: 546c5f818d7b913537a2c90721392cd4
    home.medicineTracking: 638feb3fc772d865ad76bcc08511d511
    home.todayDoses: 644b06da60c4245fb56a9ffee12969d7
    home.todayDosesBody: b2142fbdde2eb7e4a09f426e84829831
    home.completed: 0e4bbce9985f25eb673d9a054c8d5334
    home.noDoses: 6cd707e9f12deb9c498fc711f15959f9
    home.doseMissing: 01dbfafa54b3ba506dafa090064f1368
    home.due: 7b451f34dc0a3c192a817851d227e563
    home.dailyProgress: b3bff49f8896916bb4126892d42f2aae
    home.last7Days: 3631df3109bfecfe358ba15dcf8bd6f5
    home.recentScans: 50e0ef9067fe390dae063f4ff22c2e1b
    home.recentScansBody: 168cee6a213d5b9cd183f3344f0d65f8
    home.noScans: 3214b45e44355786ac9067c3741cc8a0
    home.view: 36a9b5e3dc153c036d320460d72a03c3
    home.signOut: 6d842546a84e919c519bf8cbffdf25a0
    home.signingOut: 044983202ea0adae491172d1b38f9cc3
    home.actionTaken: 7bc68111973c864f2003d51e2d08c3dd
    home.actionSnooze: 0154af140c9a41e44ef3abd2b01ad207
    home.actionSkip: b7f28dfa2f58b80b149bb82b392d0291
    home.event.scheduled: 1283929a2810dcf6110765f387dc118e
    home.event.reminded: 96b7cbe305a2d3e53ee0b7ee535ca776
    home.event.taken: 7bc68111973c864f2003d51e2d08c3dd
    home.event.skipped: d496f0f667e1b4364b954db71335d4ef
    home.event.missed: c51396274ffccd03bb9f2a5b9a9d049b
    home.event.snoozed: f5f799302325bcc21586e34ea81dd086
    home.scanDialogTitle: 890653861b046e00dcdc866be8559292
    home.scanDialogBody: 422557a07985a849b840b78a5529d3dd
    home.scanBadge: a14ad2288d6b0ffaf3b4a86fa589a11a
    home.scanCamera: 4907a1020793272f7c116dacca9e56c9
    home.scanUpload: f6f18d16278dd5f3e19450e5723359f7
    home.scanDesktopUpload: 04c04023be51180bf9eddfb439b4ed61
    home.scanDesktopHint: e9b2b52a116e9f3655ee2b73e4ade4ba
    home.scanDropHint: 1d29c1e326a1051ae9428ed4c0a1f35d
    home.scanOr: 7b133c38bec0d5ee23cc6bcf9a8de50b
    home.scanUploading: 2c86fea03bac3e7652b9ad1fa450c60b
    home.scanDropActive: 5e06bced0570fd558f7dbff9c2a972d6
    home.scanFailed: 572c909ae416cdeb23173dd883d5d6d0
    scan.image: 3d12e031d9840fff4f7db6abc73bc6d7
    scan.result: c08df923fb1753b5e6df453e28ed991d
    scan.processing: 3c8e6625804a2322748d45b652953f6d
    scan.previewUnavailable: 13f60ad8d2c40329345b3d7cef473efd
    scan.safetyStatus: 83d76b97311f7a29fe8eec65e5940d2e
    scan.why: 4e49de4e00268e3eb238bff505e9b3c2
    scan.next: 712c63650b5180cbc14d6246b5d558c2
    scan.confidence: 568fbdc3b8579def373eee5a8738bac0
    scan.pending: 030a6f3395d5d4efddd3cc67d6009039
    scan.ocrConfidence: eec88c2ebaae2edaa6950df82d4f0c78
    scan.reviewing: a34a9ab1c40390a51f86cc1561c6fa3a
    scan.retry: 49c8c8062c232fddc6c880932d9975d3
    scan.status.safe: d6435bb2e52365046ead29dd06232dd2
    scan.status.caution: 3fe5b623956d46b2daf7bea848684d42
    scan.status.risky: 97c6c157dc32a9f2b9eb0bf3ce1e9664
    scan.status.unknown: 5cd12b882fe90320f93130c1b50e2e32
    scan.status.uploaded: cc04b77fa4bfd479fc80b05a769d49ce
    scan.status.processing: 49cca5adf81af202043e861473586df5
    scan.status.processed: f068a8fb957c058a22c536825b17a95a
    scan.status.failed: 99f87615af1fffa2b8802866b096705a
