version: 1
checksums:
  55dc377b5e931bfc64e4add83e35d9ea:
    app.name: 5ee7fece722fcc849f79842ab05e8f63
    app.tagline: 642ebb70cfb63f9643187d9aeaaa2ccc
    auth.eyebrow: 5ee7fece722fcc849f79842ab05e8f63
    auth.title: 65d420d33e9873785ef70a837f88f83f
    auth.body: 165d1c860bdaf4836871176922528d6d
    auth.signIn: cb8757c7450e17de1e226e82fb0fa4a2
    auth.signUp: 6a11810d313098655e600e0303d455fd
    auth.name: f45991923345e8322c9ff8cd6b7e2b16
    auth.email: 3ba3f099b1b9be6c35ad797da660cb9f
    auth.password: 223a61cf906ab9c40d22612c588dff48
    auth.confirmPassword: b5cdb861d8deb598b0613d48098b82b6
    auth.submitSignIn: 09972c9c9a666a2e401d7c45e82364f5
    auth.submitSignUp: 6a11810d313098655e600e0303d455fd
    auth.pending: a15d40013dac5efeab3970c22fea0f63
    onboarding.eyebrow: aacf78e3fe850e17d8847a4833acf8f7
    onboarding.title: 3b031d6448946917b4feeac93d1d2025
    onboarding.body: af17f8b7127ec79bfc845be3cfed750e
    onboarding.language: f317df4550fbde6f6c5ca2288364692f
    onboarding.submit: fa60853b0e075c7c134e4bb3c7c59d82
    onboarding.saving: 7cb2d8f012d57db8a62187b65ef164dc
    onboarding.chat.eyebrow: ac73842ab57e7a7ac70fbe560833880e
    onboarding.chat.subtitle: 65f7352d1ba345eb8357aed64923b360
    onboarding.chat.placeholder: c4dbaabeb9a55bd1941349d4f554053a
    onboarding.chat.skip: 258cc673809d963b6978122e6ccab176
    onboarding.chat.loading: d8b5ddb86db616019d004e5cd15f7cd0
    onboarding.chat.starting: b3b7266c513b549744be2281d3b237e4
    onboarding.chat.done: 60d165441e283dff4b69e9db91b7fbd6
    onboarding.chat.error: e5742c61b9dec3646be85ceca244c23d
    onboarding.chat.kickoff: 59044128e474e64f56fe617b79b5a5f4
    onboarding.chat.unavailable: b97c0554ce714aef96b6a2436fc0032d
    onboarding.medications.eyebrow: e6d2efeaa39f4d0276d2cf4e647b3c8b
    onboarding.medications.title: 48b86cff3a6d8ece2e4dcf71773e2af0
    onboarding.medications.body: 9fb2e6df05e56a162d3c63f1b891969c
    onboarding.medications.add: 923a723f142d6ae6730b82bec307072e
    onboarding.medications.addTime: a885b48f9a0d5e7a2575a6b84d9045ae
    onboarding.medications.save: c3dad5d43294c16d4cbf00f83c68f62c
    onboarding.medications.saving: 0d65c235d1d8117cd66df4cdc18df9d2
    onboarding.medications.skip: b8bf7f2b6e67a523dc4ff5ce009cdb72
    onboarding.medications.name: d033a219272b40f1dbb11071ad030093
    onboarding.medications.dosage: 5b42d53d58036c6eb6632c848eb97d8c
    onboarding.medications.purpose: 53f71150ff705941014d11fd65e4cfbf
    onboarding.medications.instructions: 047b6298686bcec6b2161f5045893002
    onboarding.medications.duration: de282f6d5af19e40878833e40ef8036b
    onboarding.medications.times: da69ae675956667452ed6a39360fcde8
    settings.eyebrow: 8df6777277469c1fd88cc18dde2f1cc3
    settings.title: 2137c0b286691efa81b670add9d42375
    settings.body: dc8aa38b58f5a1b6567cfa07b39bc550
    settings.backHome: 649df9d4b9efe3f5ea06c76600fa5848
    settings.profile.eyebrow: 0b859e40316364caa16f8b029a8128f5
    settings.profile.title: db1ec2c7a4ebab65125bdbe73cb9c425
    settings.profile.body: d66638aa11a9a7620e55198788b730fe
    settings.profile.save: 6f6991fe8a52bb655eefcb20cba1a88e
    settings.profile.saved: de9f3a096006f0d0a5ac63d582f9cb7e
    settings.profile.helper: eedff6706f47fcba1607e8795c715a4a
    settings.medicines.eyebrow: f4d0c5a76539758ff8127090477a2b11
    settings.medicines.title: 8f13e8aeaeab5c8d9209499c96004d20
    settings.medicines.body: e5e3506b0f2ea53f2d4d1a6ae4eaecce
    settings.medicines.add: 923a723f142d6ae6730b82bec307072e
    settings.medicines.addTime: a885b48f9a0d5e7a2575a6b84d9045ae
    settings.medicines.save: e3b2b5cfc230ebc98ba2f49f2ee69e32
    settings.medicines.saved: a20809fed1d27a52a1300e4b9f4d4571
    home.eyebrow: db5a52c5182fa5cb31c5dc475ed1b46b
    home.title: 3eac148c950f259bf96e33000c816e20
    home.body: 8ee9e6b5f71279802649e46c51aafd91
    home.language: f317df4550fbde6f6c5ca2288364692f
    home.status: 618bc261acd3d47fccd319e4106ff18e
    home.signOut: 6d842546a84e919c519bf8cbffdf25a0
